
Microsoft Visual Studio Solution File, Format Version 12.00
# Visual Studio Version 17
VisualStudioVersion = 17.3.32819.101
MinimumVisualStudioVersion = 10.0.40219.1
Project("{9A19103F-16F7-4668-BE54-9A1E7A4F7556}") = "Redis.Docker.Web", "Redis.Docker.Web\Redis.Docker.Web.csproj", "{530CBC28-19FF-47BC-9533-A779C3FC444F}"
EndProject
Global
	GlobalSection(SolutionConfigurationPlatforms) = preSolution
		Debug|Any CPU = Debug|Any CPU
		Release|Any CPU = Release|Any CPU
	EndGlobalSection
	GlobalSection(ProjectConfigurationPlatforms) = postSolution
		{530CBC28-19FF-47BC-9533-A779C3FC444F}.Debug|Any CPU.ActiveCfg = Debug|Any CPU
		{530CBC28-19FF-47BC-9533-A779C3FC444F}.Debug|Any CPU.Build.0 = Debug|Any CPU
		{530CBC28-19FF-47BC-9533-A779C3FC444F}.Release|Any CPU.ActiveCfg = Release|Any CPU
		{530CBC28-19FF-47BC-9533-A779C3FC444F}.Release|Any CPU.Build.0 = Release|Any CPU
	EndGlobalSection
	GlobalSection(SolutionProperties) = preSolution
		HideSolutionNode = FALSE
	EndGlobalSection
	GlobalSection(ExtensibilityGlobals) = postSolution
		SolutionGuid = {B9B4339C-DB58-4A82-B4E8-E5951B9B4A49}
	EndGlobalSection
EndGlobal
